
Microsoft Visual Studio Solution File, Format Version 12.00
# Visual Studio Version 17
VisualStudioVersion = 17.8.34330.188
MinimumVisualStudioVersion = 10.0.40219.1
Project("{9A19103F-16F7-4668-BE54-9A1E7A4F7556}") = "Assistente.Api", "Assistente.Api\Assistente.Api.csproj", "{1AEB2B2D-B009-40D4-8930-A5D5A3E29A5E}"
EndProject
Project("{FAE04EC0-301F-11D3-BF4B-00C04F79EFBC}") = "Assistente.Data.Sql", "Assistente.Data.Sql\Assistente.Data.Sql.csproj", "{6E470270-8C12-4A96-BF91-1C39429AAE57}"
EndProject
Project("{FAE04EC0-301F-11D3-BF4B-00C04F79EFBC}") = "Assistente.Services", "Assistente.Services\Assistente.Services.csproj", "{937364D1-2B63-447F-B288-4CEB994B667F}"
EndProject
Global
	GlobalSection(SolutionConfigurationPlatforms) = preSolution
		Debug|Any CPU = Debug|Any CPU
		Release|Any CPU = Release|Any CPU
	EndGlobalSection
	GlobalSection(ProjectConfigurationPlatforms) = postSolution
		{1AEB2B2D-B009-40D4-8930-A5D5A3E29A5E}.Debug|Any CPU.ActiveCfg = Debug|Any CPU
		{1AEB2B2D-B009-40D4-8930-A5D5A3E29A5E}.Debug|Any CPU.Build.0 = Debug|Any CPU
		{1AEB2B2D-B009-40D4-8930-A5D5A3E29A5E}.Release|Any CPU.ActiveCfg = Release|Any CPU
		{1AEB2B2D-B009-40D4-8930-A5D5A3E29A5E}.Release|Any CPU.Build.0 = Release|Any CPU
		{6E470270-8C12-4A96-BF91-1C39429AAE57}.Debug|Any CPU.ActiveCfg = Debug|Any CPU
		{6E470270-8C12-4A96-BF91-1C39429AAE57}.Debug|Any CPU.Build.0 = Debug|Any CPU
		{6E470270-8C12-4A96-BF91-1C39429AAE57}.Release|Any CPU.ActiveCfg = Release|Any CPU
		{6E470270-8C12-4A96-BF91-1C39429AAE57}.Release|Any CPU.Build.0 = Release|Any CPU
		{937364D1-2B63-447F-B288-4CEB994B667F}.Debug|Any CPU.ActiveCfg = Debug|Any CPU
		{937364D1-2B63-447F-B288-4CEB994B667F}.Debug|Any CPU.Build.0 = Debug|Any CPU
		{937364D1-2B63-447F-B288-4CEB994B667F}.Release|Any CPU.ActiveCfg = Release|Any CPU
		{937364D1-2B63-447F-B288-4CEB994B667F}.Release|Any CPU.Build.0 = Release|Any CPU
	EndGlobalSection
	GlobalSection(SolutionProperties) = preSolution
		HideSolutionNode = FALSE
	EndGlobalSection
	GlobalSection(ExtensibilityGlobals) = postSolution
		SolutionGuid = {371B78D1-8061-45C2-9B08-06DD03DB7D20}
	EndGlobalSection
EndGlobal
